{
  "version": 4,
  "terraform_version": "1.3.6",
  "serial": 107,
  "lineage": "537e6f01-48b3-6ba7-310c-ac591ea5313f",
  "outputs": {
    "Public-IP-Adress": {
      "value": "Ubuntu-Vm-18.04: 40.113.141.50",
      "type": "string"
    }
  },
  "resources": [
    {
      "mode": "data",
      "type": "azurerm_public_ip",
      "name": "first-data",
      "provider": "provider[\"registry.terraform.io/hashicorp/azurerm\"]",
      "instances": [
        {
          "schema_version": 0,
          "attributes": {
            "allocation_method": "Dynamic",
            "domain_name_label": "",
            "fqdn": "",
            "id": "/subscriptions/095fa5e1-daf6-44a8-9201-0ca2b7a02c19/resourceGroups/First-Resource-Grp/providers/Microsoft.Network/publicIPAddresses/Public-IP",
            "idle_timeout_in_minutes": 4,
            "ip_address": "40.113.141.50",
            "ip_tags": {},
            "ip_version": "IPv4",
            "location": "westeurope",
            "name": "Public-IP",
            "resource_group_name": "First-Resource-Grp",
            "reverse_fqdn": "",
            "sku": "Basic",
            "tags": {},
            "timeouts": null,
            "zones": []
          },
          "sensitive_attributes": []
        }
      ]
    },
    {
      "mode": "managed",
      "type": "azurerm_linux_virtual_machine",
      "name": "first-vm",
      "provider": "provider[\"registry.terraform.io/hashicorp/azurerm\"]",
      "instances": [
        {
          "schema_version": 0,
          "attributes": {
            "additional_capabilities": [],
            "admin_password": null,
            "admin_ssh_key": [
              {
                "public_key": "ssh-rsa AAAAB3NzaC1yc2EAAAADAQABAAABgQCgkqNR5zhxdGuvqSn5HfixPnGeu5fF/0OtA/LIhMy6OCEAEFvT8tw7r4SWZcUbuen6WUjkQV5Q9NhXQIkSLPgJWKyGzaBd1x0XbwfGhjJv8OikJ0QHT0xTWMSj/OyRYPGGfN/SVtgBSJPyQZhOO7Qzn3yyFed1x6Bxc/FZ7K1IDWrL7x+ce+4STTmLXsjHcZLwyUWz9kSEsZDryAxAekw+oHfoZy89zdg6coJxPI57UODQ4m6j96tfUQmEh/UWLHF7G0RFbJg4dnvRTxkGTbLNr1MRotnm3QPzzujDywbW5KPs0l3wi/r2tfuftv+Q9btGIcLHqq8nPdW2wPVMpbsYgKQozVWC15Adbxr4TKR8cDATe/FA3GL0YuLhtTqsp1W2u/Qaqd19cIhg/ckwukmYmGH6O2yK5yIJPoCEMqjLL5A3sRrcLiwfpLPFjF6n3u0JR02LNnIHy6EE4gkVjs+rw7RF4Yar4fmsrYlDn8mudJHKyqn4nvLm04DSFkEo7Mk= Rafik@DESKTOP-BFPJE2H\n",
                "username": "adminuser"
              }
            ],
            "admin_username": "adminuser",
            "allow_extension_operations": true,
            "availability_set_id": "",
            "boot_diagnostics": [],
            "computer_name": "Ubuntu-Vm-18.04",
            "custom_data": "IyEvYmluL2Jhc2gNCnN1ZG8gYXB0LWdldCB1cGRhdGUgLXkgJiYNCnN1ZG8gYXB0LWdldCBpbnN0YWxsIC15IFwNCmFwdC10cmFuc3BvcnQtaHR0cHMgXA0KY2EtY2VydGlmaWNhdGVzIFwNCmN1cmwgXA0KZ251cGctYWdlbnQgXA0Kc29mdHdhcmUtcHJvcGVydGllcy1jb21tb24gJiYNCmN1cmwgLWZzU0wgaHR0cHM6Ly9kb3dubG9hZC5kb2NrZXIuY29tL2xpbnV4L3VidW50dS9ncGcgfCBzdWRvIGFwdC1rZXkgYWRkIC0gJiYNCnN1ZG8gYWRkLWFwdC1yZXBvc2l0b3J5ICJkZWIgW2FyY2g9YW1kNjRdIGh0dHBzOi8vZG93bmxvYWQuZG9ja2VyLmNvbS9saW51eC91YnVudHUgJChsc2JfcmVsZWFzZSAtY3MpIHN0YWJsZSIgJiYNCnN1ZG8gYXB0LWdldCB1cGRhdGUgLXkgJiYNCnN1ZG8gc3VkbyBhcHQtZ2V0IGluc3RhbGwgZG9ja2VyLWNlIGRvY2tlci1jZS1jbGkgY29udGFpbmVyZC5pbyAteSAmJg0Kc3VkbyB1c2VybW9kIC1hRyBkb2NrZXIgdWJ1bnR1",
            "dedicated_host_group_id": "",
            "dedicated_host_id": "",
            "disable_password_authentication": true,
            "edge_zone": "",
            "encryption_at_host_enabled": false,
            "eviction_policy": "",
            "extensions_time_budget": "PT1H30M",
            "id": "/subscriptions/095fa5e1-daf6-44a8-9201-0ca2b7a02c19/resourceGroups/First-Resource-Grp/providers/Microsoft.Compute/virtualMachines/Ubuntu-Vm-18.04",
            "identity": [],
            "license_type": "",
            "location": "westeurope",
            "max_bid_price": -1,
            "name": "Ubuntu-Vm-18.04",
            "network_interface_ids": [
              "/subscriptions/095fa5e1-daf6-44a8-9201-0ca2b7a02c19/resourceGroups/First-Resource-Grp/providers/Microsoft.Network/networkInterfaces/First-Network-Interface"
            ],
            "os_disk": [
              {
                "caching": "ReadWrite",
                "diff_disk_settings": [],
                "disk_encryption_set_id": "",
                "disk_size_gb": 30,
                "name": "Ubuntu-Vm-18.04_OsDisk_1_035653801cbe4b9b815bca5bc53bda3b",
                "storage_account_type": "Standard_LRS",
                "write_accelerator_enabled": false
              }
            ],
            "patch_mode": "ImageDefault",
            "plan": [],
            "platform_fault_domain": -1,
            "priority": "Regular",
            "private_ip_address": "10.123.1.4",
            "private_ip_addresses": [
              "10.123.1.4"
            ],
            "provision_vm_agent": true,
            "proximity_placement_group_id": "",
            "public_ip_address": "40.113.141.50",
            "public_ip_addresses": [
              "40.113.141.50"
            ],
            "resource_group_name": "First-Resource-Grp",
            "secret": [],
            "secure_boot_enabled": false,
            "size": "Standard_B1s",
            "source_image_id": "",
            "source_image_reference": [
              {
                "offer": "UbuntuServer",
                "publisher": "Canonical",
                "sku": "18.04-LTS",
                "version": "latest"
              }
            ],
            "tags": {},
            "termination_notification": [],
            "timeouts": null,
            "user_data": "",
            "virtual_machine_id": "426ab6ab-b435-4485-a9c1-c97dd23efaea",
            "virtual_machine_scale_set_id": "",
            "vtpm_enabled": false,
            "zone": ""
          },
          "sensitive_attributes": [],
          "private": "eyJlMmJmYjczMC1lY2FhLTExZTYtOGY4OC0zNDM2M2JjN2M0YzAiOnsiY3JlYXRlIjoyNzAwMDAwMDAwMDAwLCJkZWxldGUiOjI3MDAwMDAwMDAwMDAsInJlYWQiOjMwMDAwMDAwMDAwMCwidXBkYXRlIjoyNzAwMDAwMDAwMDAwfX0=",
          "dependencies": [
            "azurerm_network_interface.first-nic",
            "azurerm_public_ip.first-ip",
            "azurerm_resource_group.first-rg",
            "azurerm_subnet.first-sub",
            "azurerm_virtual_network.first-vn"
          ]
        }
      ]
    },
    {
      "mode": "managed",
      "type": "azurerm_network_interface",
      "name": "first-nic",
      "provider": "provider[\"registry.terraform.io/hashicorp/azurerm\"]",
      "instances": [
        {
          "schema_version": 0,
          "attributes": {
            "applied_dns_servers": [],
            "dns_servers": [],
            "edge_zone": "",
            "enable_accelerated_networking": false,
            "enable_ip_forwarding": false,
            "id": "/subscriptions/095fa5e1-daf6-44a8-9201-0ca2b7a02c19/resourceGroups/First-Resource-Grp/providers/Microsoft.Network/networkInterfaces/First-Network-Interface",
            "internal_dns_name_label": "",
            "internal_domain_name_suffix": "kyaxdyqn0jcuzkwsmnprkyvdza.ax.internal.cloudapp.net",
            "ip_configuration": [
              {
                "gateway_load_balancer_frontend_ip_configuration_id": "",
                "name": "internal",
                "primary": true,
                "private_ip_address": "10.123.1.4",
                "private_ip_address_allocation": "Dynamic",
                "private_ip_address_version": "IPv4",
                "public_ip_address_id": "/subscriptions/095fa5e1-daf6-44a8-9201-0ca2b7a02c19/resourceGroups/First-Resource-Grp/providers/Microsoft.Network/publicIPAddresses/Public-IP",
                "subnet_id": "/subscriptions/095fa5e1-daf6-44a8-9201-0ca2b7a02c19/resourceGroups/First-Resource-Grp/providers/Microsoft.Network/virtualNetworks/First-Virtual-Network/subnets/First-Subnet"
              }
            ],
            "location": "westeurope",
            "mac_address": "60-45-BD-96-E1-FC",
            "name": "First-Network-Interface",
            "private_ip_address": "10.123.1.4",
            "private_ip_addresses": [
              "10.123.1.4"
            ],
            "resource_group_name": "First-Resource-Grp",
            "tags": {},
            "timeouts": null,
            "virtual_machine_id": "/subscriptions/095fa5e1-daf6-44a8-9201-0ca2b7a02c19/resourceGroups/First-Resource-Grp/providers/Microsoft.Compute/virtualMachines/Ubuntu-Vm-18.04"
          },
          "sensitive_attributes": [],
          "private": "eyJlMmJmYjczMC1lY2FhLTExZTYtOGY4OC0zNDM2M2JjN2M0YzAiOnsiY3JlYXRlIjoxODAwMDAwMDAwMDAwLCJkZWxldGUiOjE4MDAwMDAwMDAwMDAsInJlYWQiOjMwMDAwMDAwMDAwMCwidXBkYXRlIjoxODAwMDAwMDAwMDAwfX0=",
          "dependencies": [
            "azurerm_public_ip.first-ip",
            "azurerm_resource_group.first-rg",
            "azurerm_subnet.first-sub",
            "azurerm_virtual_network.first-vn"
          ]
        }
      ]
    },
    {
      "mode": "managed",
      "type": "azurerm_network_security_group",
      "name": "first-sec-grp",
      "provider": "provider[\"registry.terraform.io/hashicorp/azurerm\"]",
      "instances": [
        {
          "schema_version": 0,
          "attributes": {
            "id": "/subscriptions/095fa5e1-daf6-44a8-9201-0ca2b7a02c19/resourceGroups/First-Resource-Grp/providers/Microsoft.Network/networkSecurityGroups/Network-Security-Grp",
            "location": "westeurope",
            "name": "Network-Security-Grp",
            "resource_group_name": "First-Resource-Grp",
            "security_rule": [
              {
                "access": "Allow",
                "description": "",
                "destination_address_prefix": "*",
                "destination_address_prefixes": [],
                "destination_application_security_group_ids": [],
                "destination_port_range": "*",
                "destination_port_ranges": [],
                "direction": "Inbound",
                "name": "Security-Rule",
                "priority": 100,
                "protocol": "*",
                "source_address_prefix": "*",
                "source_address_prefixes": [],
                "source_application_security_group_ids": [],
                "source_port_range": "*",
                "source_port_ranges": []
              }
            ],
            "tags": {},
            "timeouts": null
          },
          "sensitive_attributes": [],
          "private": "eyJlMmJmYjczMC1lY2FhLTExZTYtOGY4OC0zNDM2M2JjN2M0YzAiOnsiY3JlYXRlIjoxODAwMDAwMDAwMDAwLCJkZWxldGUiOjE4MDAwMDAwMDAwMDAsInJlYWQiOjMwMDAwMDAwMDAwMCwidXBkYXRlIjoxODAwMDAwMDAwMDAwfX0=",
          "dependencies": [
            "azurerm_resource_group.first-rg"
          ]
        }
      ]
    },
    {
      "mode": "managed",
      "type": "azurerm_network_security_rule",
      "name": "first-net-rule",
      "provider": "provider[\"registry.terraform.io/hashicorp/azurerm\"]",
      "instances": [
        {
          "schema_version": 0,
          "attributes": {
            "access": "Allow",
            "description": "",
            "destination_address_prefix": "*",
            "destination_address_prefixes": [],
            "destination_application_security_group_ids": [],
            "destination_port_range": "*",
            "destination_port_ranges": [],
            "direction": "Inbound",
            "id": "/subscriptions/095fa5e1-daf6-44a8-9201-0ca2b7a02c19/resourceGroups/First-Resource-Grp/providers/Microsoft.Network/networkSecurityGroups/Network-Security-Grp/securityRules/Security-Rule",
            "name": "Security-Rule",
            "network_security_group_name": "Network-Security-Grp",
            "priority": 100,
            "protocol": "*",
            "resource_group_name": "First-Resource-Grp",
            "source_address_prefix": "*",
            "source_address_prefixes": [],
            "source_application_security_group_ids": [],
            "source_port_range": "*",
            "source_port_ranges": [],
            "timeouts": null
          },
          "sensitive_attributes": [],
          "private": "eyJlMmJmYjczMC1lY2FhLTExZTYtOGY4OC0zNDM2M2JjN2M0YzAiOnsiY3JlYXRlIjoxODAwMDAwMDAwMDAwLCJkZWxldGUiOjE4MDAwMDAwMDAwMDAsInJlYWQiOjMwMDAwMDAwMDAwMCwidXBkYXRlIjoxODAwMDAwMDAwMDAwfX0=",
          "dependencies": [
            "azurerm_network_security_group.first-sec-grp",
            "azurerm_resource_group.first-rg"
          ]
        }
      ]
    },
    {
      "mode": "managed",
      "type": "azurerm_public_ip",
      "name": "first-ip",
      "provider": "provider[\"registry.terraform.io/hashicorp/azurerm\"]",
      "instances": [
        {
          "schema_version": 0,
          "attributes": {
            "allocation_method": "Dynamic",
            "domain_name_label": null,
            "edge_zone": "",
            "fqdn": null,
            "id": "/subscriptions/095fa5e1-daf6-44a8-9201-0ca2b7a02c19/resourceGroups/First-Resource-Grp/providers/Microsoft.Network/publicIPAddresses/Public-IP",
            "idle_timeout_in_minutes": 4,
            "ip_address": "40.113.141.50",
            "ip_tags": {},
            "ip_version": "IPv4",
            "location": "westeurope",
            "name": "Public-IP",
            "public_ip_prefix_id": null,
            "resource_group_name": "First-Resource-Grp",
            "reverse_fqdn": null,
            "sku": "Basic",
            "sku_tier": "Regional",
            "tags": {},
            "timeouts": null,
            "zones": []
          },
          "sensitive_attributes": [],
          "private": "eyJlMmJmYjczMC1lY2FhLTExZTYtOGY4OC0zNDM2M2JjN2M0YzAiOnsiY3JlYXRlIjoxODAwMDAwMDAwMDAwLCJkZWxldGUiOjE4MDAwMDAwMDAwMDAsInJlYWQiOjMwMDAwMDAwMDAwMCwidXBkYXRlIjoxODAwMDAwMDAwMDAwfX0=",
          "dependencies": [
            "azurerm_resource_group.first-rg"
          ]
        }
      ]
    },
    {
      "mode": "managed",
      "type": "azurerm_resource_group",
      "name": "first-rg",
      "provider": "provider[\"registry.terraform.io/hashicorp/azurerm\"]",
      "instances": [
        {
          "schema_version": 0,
          "attributes": {
            "id": "/subscriptions/095fa5e1-daf6-44a8-9201-0ca2b7a02c19/resourceGroups/First-Resource-Grp",
            "location": "westeurope",
            "name": "First-Resource-Grp",
            "tags": {
              "enviroment": "rafik"
            },
            "timeouts": null
          },
          "sensitive_attributes": [],
          "private": "eyJlMmJmYjczMC1lY2FhLTExZTYtOGY4OC0zNDM2M2JjN2M0YzAiOnsiY3JlYXRlIjo1NDAwMDAwMDAwMDAwLCJkZWxldGUiOjU0MDAwMDAwMDAwMDAsInJlYWQiOjMwMDAwMDAwMDAwMCwidXBkYXRlIjo1NDAwMDAwMDAwMDAwfX0="
        }
      ]
    },
    {
      "mode": "managed",
      "type": "azurerm_subnet",
      "name": "first-sub",
      "provider": "provider[\"registry.terraform.io/hashicorp/azurerm\"]",
      "instances": [
        {
          "schema_version": 0,
          "attributes": {
            "address_prefixes": [
              "10.123.1.0/24"
            ],
            "delegation": [],
            "enforce_private_link_endpoint_network_policies": false,
            "enforce_private_link_service_network_policies": false,
            "id": "/subscriptions/095fa5e1-daf6-44a8-9201-0ca2b7a02c19/resourceGroups/First-Resource-Grp/providers/Microsoft.Network/virtualNetworks/First-Virtual-Network/subnets/First-Subnet",
            "name": "First-Subnet",
            "resource_group_name": "First-Resource-Grp",
            "service_endpoint_policy_ids": [],
            "service_endpoints": [],
            "timeouts": null,
            "virtual_network_name": "First-Virtual-Network"
          },
          "sensitive_attributes": [],
          "private": "eyJlMmJmYjczMC1lY2FhLTExZTYtOGY4OC0zNDM2M2JjN2M0YzAiOnsiY3JlYXRlIjoxODAwMDAwMDAwMDAwLCJkZWxldGUiOjE4MDAwMDAwMDAwMDAsInJlYWQiOjMwMDAwMDAwMDAwMCwidXBkYXRlIjoxODAwMDAwMDAwMDAwfX0=",
          "dependencies": [
            "azurerm_resource_group.first-rg",
            "azurerm_virtual_network.first-vn"
          ]
        }
      ]
    },
    {
      "mode": "managed",
      "type": "azurerm_subnet_network_security_group_association",
      "name": "subnet-grp-association",
      "provider": "provider[\"registry.terraform.io/hashicorp/azurerm\"]",
      "instances": [
        {
          "schema_version": 0,
          "attributes": {
            "id": "/subscriptions/095fa5e1-daf6-44a8-9201-0ca2b7a02c19/resourceGroups/First-Resource-Grp/providers/Microsoft.Network/virtualNetworks/First-Virtual-Network/subnets/First-Subnet",
            "network_security_group_id": "/subscriptions/095fa5e1-daf6-44a8-9201-0ca2b7a02c19/resourceGroups/First-Resource-Grp/providers/Microsoft.Network/networkSecurityGroups/Network-Security-Grp",
            "subnet_id": "/subscriptions/095fa5e1-daf6-44a8-9201-0ca2b7a02c19/resourceGroups/First-Resource-Grp/providers/Microsoft.Network/virtualNetworks/First-Virtual-Network/subnets/First-Subnet",
            "timeouts": null
          },
          "sensitive_attributes": [],
          "private": "eyJlMmJmYjczMC1lY2FhLTExZTYtOGY4OC0zNDM2M2JjN2M0YzAiOnsiY3JlYXRlIjoxODAwMDAwMDAwMDAwLCJkZWxldGUiOjE4MDAwMDAwMDAwMDAsInJlYWQiOjMwMDAwMDAwMDAwMCwidXBkYXRlIjoxODAwMDAwMDAwMDAwfX0=",
          "dependencies": [
            "azurerm_network_security_group.first-sec-grp",
            "azurerm_resource_group.first-rg",
            "azurerm_subnet.first-sub",
            "azurerm_virtual_network.first-vn"
          ]
        }
      ]
    },
    {
      "mode": "managed",
      "type": "azurerm_virtual_network",
      "name": "first-vn",
      "provider": "provider[\"registry.terraform.io/hashicorp/azurerm\"]",
      "instances": [
        {
          "schema_version": 0,
          "attributes": {
            "address_space": [
              "10.123.0.0/16"
            ],
            "bgp_community": "",
            "ddos_protection_plan": [],
            "dns_servers": [],
            "edge_zone": "",
            "flow_timeout_in_minutes": 0,
            "guid": "e2710156-d20d-4c45-aad2-635f1562a3c8",
            "id": "/subscriptions/095fa5e1-daf6-44a8-9201-0ca2b7a02c19/resourceGroups/First-Resource-Grp/providers/Microsoft.Network/virtualNetworks/First-Virtual-Network",
            "location": "westeurope",
            "name": "First-Virtual-Network",
            "resource_group_name": "First-Resource-Grp",
            "subnet": [
              {
                "address_prefix": "10.123.1.0/24",
                "id": "/subscriptions/095fa5e1-daf6-44a8-9201-0ca2b7a02c19/resourceGroups/First-Resource-Grp/providers/Microsoft.Network/virtualNetworks/First-Virtual-Network/subnets/First-Subnet",
                "name": "First-Subnet",
                "security_group": "/subscriptions/095fa5e1-daf6-44a8-9201-0ca2b7a02c19/resourceGroups/First-Resource-Grp/providers/Microsoft.Network/networkSecurityGroups/Network-Security-Grp"
              }
            ],
            "tags": {},
            "timeouts": null
          },
          "sensitive_attributes": [],
          "private": "eyJlMmJmYjczMC1lY2FhLTExZTYtOGY4OC0zNDM2M2JjN2M0YzAiOnsiY3JlYXRlIjoxODAwMDAwMDAwMDAwLCJkZWxldGUiOjE4MDAwMDAwMDAwMDAsInJlYWQiOjMwMDAwMDAwMDAwMCwidXBkYXRlIjoxODAwMDAwMDAwMDAwfX0=",
          "dependencies": [
            "azurerm_resource_group.first-rg"
          ]
        }
      ]
    }
  ],
  "check_results": null
}
